// !$*UTF8*$!
{
	archiveVersion = 1;
	classes = {
	};
	objectVersion = 50;
	objects = {

/* Begin PBXBuildFile section */
		30BFEC4225D4520D00852C63 /* UserDefaultsManager.swift in Sources */ = {isa = PBXBuildFile; fileRef = 30BFEC4125D4520D00852C63 /* UserDefaultsManager.swift */; };
		30DE931D25C3518700F2833D /* AppDelegate.swift in Sources */ = {isa = PBXBuildFile; fileRef = 30DE931C25C3518700F2833D /* AppDelegate.swift */; };
		30DE931F25C3518700F2833D /* SceneDelegate.swift in Sources */ = {isa = PBXBuildFile; fileRef = 30DE931E25C3518700F2833D /* SceneDelegate.swift */; };
		30DE932125C3518700F2833D /* ViewController.swift in Sources */ = {isa = PBXBuildFile; fileRef = 30DE932025C3518700F2833D /* ViewController.swift */; };
		30DE932425C3518700F2833D /* Main.storyboard in Resources */ = {isa = PBXBuildFile; fileRef = 30DE932225C3518700F2833D /* Main.storyboard */; };
		30DE932625C3518900F2833D /* Assets.xcassets in Resources */ = {isa = PBXBuildFile; fileRef = 30DE932525C3518900F2833D /* Assets.xcassets */; };
		30DE932925C3518900F2833D /* LaunchScreen.storyboard in Resources */ = {isa = PBXBuildFile; fileRef = 30DE932725C3518900F2833D /* LaunchScreen.storyboard */; };
		30DE933425C3518900F2833D /* ChatAppTests.swift in Sources */ = {isa = PBXBuildFile; fileRef = 30DE933325C3518900F2833D /* ChatAppTests.swift */; };
		30DE933F25C3518900F2833D /* ChatAppUITests.swift in Sources */ = {isa = PBXBuildFile; fileRef = 30DE933E25C3518900F2833D /* ChatAppUITests.swift */; };
		30E37F9D25C9C230000D00DB /* ChatListCell.swift in Sources */ = {isa = PBXBuildFile; fileRef = 30E37F9C25C9C230000D00DB /* ChatListCell.swift */; };
		30E37FA225C9C469000D00DB /* ChatMesageCell.swift in Sources */ = {isa = PBXBuildFile; fileRef = 30E37FA125C9C469000D00DB /* ChatMesageCell.swift */; };
		30E37FA725C9C60E000D00DB /* ChatViewController.swift in Sources */ = {isa = PBXBuildFile; fileRef = 30E37FA625C9C60E000D00DB /* ChatViewController.swift */; };
		30E37FAC25C9C719000D00DB /* ChatListViewController.swift in Sources */ = {isa = PBXBuildFile; fileRef = 30E37FAB25C9C719000D00DB /* ChatListViewController.swift */; };
		30E37FBF25C9CD51000D00DB /* UserUtilities.swift in Sources */ = {isa = PBXBuildFile; fileRef = 30E37FBE25C9CD51000D00DB /* UserUtilities.swift */; };
/* End PBXBuildFile section */

/* Begin PBXContainerItemProxy section */
		30DE933025C3518900F2833D /* PBXContainerItemProxy */ = {
			isa = PBXContainerItemProxy;
			containerPortal = 30DE931125C3518700F2833D /* Project object */;
			proxyType = 1;
			remoteGlobalIDString = 30DE931825C3518700F2833D;
			remoteInfo = ChatApp;
		};
		30DE933B25C3518900F2833D /* PBXContainerItemProxy */ = {
			isa = PBXContainerItemProxy;
			containerPortal = 30DE931125C3518700F2833D /* Project object */;
			proxyType = 1;
			remoteGlobalIDString = 30DE931825C3518700F2833D;
			remoteInfo = ChatApp;
		};
/* End PBXContainerItemProxy section */

/* Begin PBXFileReference section */
		30BFEC4125D4520D00852C63 /* UserDefaultsManager.swift */ = {isa = PBXFileReference; lastKnownFileType = sourcecode.swift; path = UserDefaultsManager.swift; sourceTree = "<group>"; };
		30DE931925C3518700F2833D /* ChatApp.app */ = {isa = PBXFileReference; explicitFileType = wrapper.application; includeInIndex = 0; path = ChatApp.app; sourceTree = BUILT_PRODUCTS_DIR; };
		30DE931C25C3518700F2833D /* AppDelegate.swift */ = {isa = PBXFileReference; lastKnownFileType = sourcecode.swift; path = AppDelegate.swift; sourceTree = "<group>"; };
		30DE931E25C3518700F2833D /* SceneDelegate.swift */ = {isa = PBXFileReference; lastKnownFileType = sourcecode.swift; path = SceneDelegate.swift; sourceTree = "<group>"; };
		30DE932025C3518700F2833D /* ViewController.swift */ = {isa = PBXFileReference; lastKnownFileType = sourcecode.swift; path = ViewController.swift; sourceTree = "<group>"; };
		30DE932325C3518700F2833D /* Base */ = {isa = PBXFileReference; lastKnownFileType = file.storyboard; name = Base; path = Base.lproj/Main.storyboard; sourceTree = "<group>"; };
		30DE932525C3518900F2833D /* Assets.xcassets */ = {isa = PBXFileReference; lastKnownFileType = folder.assetcatalog; path = Assets.xcassets; sourceTree = "<group>"; };
		30DE932825C3518900F2833D /* Base */ = {isa = PBXFileReference; lastKnownFileType = file.storyboard; name = Base; path = Base.lproj/LaunchScreen.storyboard; sourceTree = "<group>"; };
		30DE932A25C3518900F2833D /* Info.plist */ = {isa = PBXFileReference; lastKnownFileType = text.plist.xml; path = Info.plist; sourceTree = "<group>"; };
		30DE932F25C3518900F2833D /* ChatAppTests.xctest */ = {isa = PBXFileReference; explicitFileType = wrapper.cfbundle; includeInIndex = 0; path = ChatAppTests.xctest; sourceTree = BUILT_PRODUCTS_DIR; };
		30DE933325C3518900F2833D /* ChatAppTests.swift */ = {isa = PBXFileReference; lastKnownFileType = sourcecode.swift; path = ChatAppTests.swift; sourceTree = "<group>"; };
		30DE933525C3518900F2833D /* Info.plist */ = {isa = PBXFileReference; lastKnownFileType = text.plist.xml; path = Info.plist; sourceTree = "<group>"; };
		30DE933A25C3518900F2833D /* ChatAppUITests.xctest */ = {isa = PBXFileReference; explicitFileType = wrapper.cfbundle; includeInIndex = 0; path = ChatAppUITests.xctest; sourceTree = BUILT_PRODUCTS_DIR; };
		30DE933E25C3518900F2833D /* ChatAppUITests.swift */ = {isa = PBXFileReference; lastKnownFileType = sourcecode.swift; path = ChatAppUITests.swift; sourceTree = "<group>"; };
		30DE934025C3518900F2833D /* Info.plist */ = {isa = PBXFileReference; lastKnownFileType = text.plist.xml; path = Info.plist; sourceTree = "<group>"; };
		30DE935225C351F600F2833D /* ChatApp.entitlements */ = {isa = PBXFileReference; lastKnownFileType = text.plist.entitlements; path = ChatApp.entitlements; sourceTree = "<group>"; };
		30E37F9C25C9C230000D00DB /* ChatListCell.swift */ = {isa = PBXFileReference; lastKnownFileType = sourcecode.swift; path = ChatListCell.swift; sourceTree = "<group>"; };
		30E37FA125C9C469000D00DB /* ChatMesageCell.swift */ = {isa = PBXFileReference; lastKnownFileType = sourcecode.swift; path = ChatMesageCell.swift; sourceTree = "<group>"; };
		30E37FA625C9C60E000D00DB /* ChatViewController.swift */ = {isa = PBXFileReference; lastKnownFileType = sourcecode.swift; path = ChatViewController.swift; sourceTree = "<group>"; };
		30E37FAB25C9C719000D00DB /* ChatListViewController.swift */ = {isa = PBXFileReference; lastKnownFileType = sourcecode.swift; path = ChatListViewController.swift; sourceTree = "<group>"; };
		30E37FBE25C9CD51000D00DB /* UserUtilities.swift */ = {isa = PBXFileReference; lastKnownFileType = sourcecode.swift; path = UserUtilities.swift; sourceTree = "<group>"; };
/* End PBXFileReference section */

/* Begin PBXFrameworksBuildPhase section */
		30DE931625C3518700F2833D /* Frameworks */ = {
			isa = PBXFrameworksBuildPhase;
			buildActionMask = 2147483647;
			files = (
			);
			runOnlyForDeploymentPostprocessing = 0;
		};
		30DE932C25C3518900F2833D /* Frameworks */ = {
			isa = PBXFrameworksBuildPhase;
			buildActionMask = 2147483647;
			files = (
			);
			runOnlyForDeploymentPostprocessing = 0;
		};
		30DE933725C3518900F2833D /* Frameworks */ = {
			isa = PBXFrameworksBuildPhase;
			buildActionMask = 2147483647;
			files = (
			);
			runOnlyForDeploymentPostprocessing = 0;
		};
/* End PBXFrameworksBuildPhase section */

/* Begin PBXGroup section */
		30DE931025C3518700F2833D = {
			isa = PBXGroup;
			children = (
				30DE931B25C3518700F2833D /* ChatApp */,
				30DE933225C3518900F2833D /* ChatAppTests */,
				30DE933D25C3518900F2833D /* ChatAppUITests */,
				30DE931A25C3518700F2833D /* Products */,
			);
			sourceTree = "<group>";
		};
		30DE931A25C3518700F2833D /* Products */ = {
			isa = PBXGroup;
			children = (
				30DE931925C3518700F2833D /* ChatApp.app */,
				30DE932F25C3518900F2833D /* ChatAppTests.xctest */,
				30DE933A25C3518900F2833D /* ChatAppUITests.xctest */,
			);
			name = Products;
			sourceTree = "<group>";
		};
		30DE931B25C3518700F2833D /* ChatApp */ = {
			isa = PBXGroup;
			children = (
				30DE935225C351F600F2833D /* ChatApp.entitlements */,
				30DE931C25C3518700F2833D /* AppDelegate.swift */,
				30DE931E25C3518700F2833D /* SceneDelegate.swift */,
				30DE932025C3518700F2833D /* ViewController.swift */,
				30E37F9C25C9C230000D00DB /* ChatListCell.swift */,
				30E37FA125C9C469000D00DB /* ChatMesageCell.swift */,
				30E37FA625C9C60E000D00DB /* ChatViewController.swift */,
				30E37FAB25C9C719000D00DB /* ChatListViewController.swift */,
				30E37FBE25C9CD51000D00DB /* UserUtilities.swift */,
				30BFEC4125D4520D00852C63 /* UserDefaultsManager.swift */,
				30DE932225C3518700F2833D /* Main.storyboard */,
				30DE932525C3518900F2833D /* Assets.xcassets */,
				30DE932725C3518900F2833D /* LaunchScreen.storyboard */,
				30DE932A25C3518900F2833D /* Info.plist */,
			);
			path = ChatApp;
			sourceTree = "<group>";
		};
		30DE933225C3518900F2833D /* ChatAppTests */ = {
			isa = PBXGroup;
			children = (
				30DE933325C3518900F2833D /* ChatAppTests.swift */,
				30DE933525C3518900F2833D /* Info.plist */,
			);
			path = ChatAppTests;
			sourceTree = "<group>";
		};
		30DE933D25C3518900F2833D /* ChatAppUITests */ = {
			isa = PBXGroup;
			children = (
				30DE933E25C3518900F2833D /* ChatAppUITests.swift */,
				30DE934025C3518900F2833D /* Info.plist */,
			);
			path = ChatAppUITests;
			sourceTree = "<group>";
		};
/* End PBXGroup section */

/* Begin PBXNativeTarget section */
		30DE931825C3518700F2833D /* ChatApp */ = {
			isa = PBXNativeTarget;
			buildConfigurationList = 30DE934325C3518900F2833D /* Build configuration list for PBXNativeTarget "ChatApp" */;
			buildPhases = (
				30DE931525C3518700F2833D /* Sources */,
				30DE931625C3518700F2833D /* Frameworks */,
				30DE931725C3518700F2833D /* Resources */,
			);
			buildRules = (
			);
			dependencies = (
			);
			name = ChatApp;
			productName = ChatApp;
			productReference = 30DE931925C3518700F2833D /* ChatApp.app */;
			productType = "com.apple.product-type.application";
		};
		30DE932E25C3518900F2833D /* ChatAppTests */ = {
			isa = PBXNativeTarget;
			buildConfigurationList = 30DE934625C3518900F2833D /* Build configuration list for PBXNativeTarget "ChatAppTests" */;
			buildPhases = (
				30DE932B25C3518900F2833D /* Sources */,
				30DE932C25C3518900F2833D /* Frameworks */,
				30DE932D25C3518900F2833D /* Resources */,
			);
			buildRules = (
			);
			dependencies = (
				30DE933125C3518900F2833D /* PBXTargetDependency */,
			);
			name = ChatAppTests;
			productName = ChatAppTests;
			productReference = 30DE932F25C3518900F2833D /* ChatAppTests.xctest */;
			productType = "com.apple.product-type.bundle.unit-test";
		};
		30DE933925C3518900F2833D /* ChatAppUITests */ = {
			isa = PBXNativeTarget;
			buildConfigurationList = 30DE934925C3518900F2833D /* Build configuration list for PBXNativeTarget "ChatAppUITests" */;
			buildPhases = (
				30DE933625C3518900F2833D /* Sources */,
				30DE933725C3518900F2833D /* Frameworks */,
				30DE933825C3518900F2833D /* Resources */,
			);
			buildRules = (
			);
			dependencies = (
				30DE933C25C3518900F2833D /* PBXTargetDependency */,
			);
			name = ChatAppUITests;
			productName = ChatAppUITests;
			productReference = 30DE933A25C3518900F2833D /* ChatAppUITests.xctest */;
			productType = "com.apple.product-type.bundle.ui-testing";
		};
/* End PBXNativeTarget section */

/* Begin PBXProject section */
		30DE931125C3518700F2833D /* Project object */ = {
			isa = PBXProject;
			attributes = {
				LastSwiftUpdateCheck = 1240;
				LastUpgradeCheck = 1240;
				TargetAttributes = {
					30DE931825C3518700F2833D = {
						CreatedOnToolsVersion = 12.4;
					};
					30DE932E25C3518900F2833D = {
						CreatedOnToolsVersion = 12.4;
						TestTargetID = 30DE931825C3518700F2833D;
					};
					30DE933925C3518900F2833D = {
						CreatedOnToolsVersion = 12.4;
						TestTargetID = 30DE931825C3518700F2833D;
					};
				};
			};
			buildConfigurationList = 30DE931425C3518700F2833D /* Build configuration list for PBXProject "ChatApp" */;
			compatibilityVersion = "Xcode 9.3";
			developmentRegion = en;
			hasScannedForEncodings = 0;
			knownRegions = (
				en,
				Base,
			);
			mainGroup = 30DE931025C3518700F2833D;
			productRefGroup = 30DE931A25C3518700F2833D /* Products */;
			projectDirPath = "";
			projectRoot = "";
			targets = (
				30DE931825C3518700F2833D /* ChatApp */,
				30DE932E25C3518900F2833D /* ChatAppTests */,
				30DE933925C3518900F2833D /* ChatAppUITests */,
			);
		};
/* End PBXProject section */

/* Begin PBXResourcesBuildPhase section */
		30DE931725C3518700F2833D /* Resources */ = {
			isa = PBXResourcesBuildPhase;
			buildActionMask = 2147483647;
			files = (
				30DE932925C3518900F2833D /* LaunchScreen.storyboard in Resources */,
				30DE932625C3518900F2833D /* Assets.xcassets in Resources */,
				30DE932425C3518700F2833D /* Main.storyboard in Resources */,
			);
			runOnlyForDeploymentPostprocessing = 0;
		};
		30DE932D25C3518900F2833D /* Resources */ = {
			isa = PBXResourcesBuildPhase;
			buildActionMask = 2147483647;
			files = (
			);
			runOnlyForDeploymentPostprocessing = 0;
		};
		30DE933825C3518900F2833D /* Resources */ = {
			isa = PBXResourcesBuildPhase;
			buildActionMask = 2147483647;
			files = (
			);
			runOnlyForDeploymentPostprocessing = 0;
		};
/* End PBXResourcesBuildPhase section */

/* Begin PBXSourcesBuildPhase section */
		30DE931525C3518700F2833D /* Sources */ = {
			isa = PBXSourcesBuildPhase;
			buildActionMask = 2147483647;
			files = (
				30DE932125C3518700F2833D /* ViewController.swift in Sources */,
				30E37F9D25C9C230000D00DB /* ChatListCell.swift in Sources */,
				30DE931D25C3518700F2833D /* AppDelegate.swift in Sources */,
				30E37FA225C9C469000D00DB /* ChatMesageCell.swift in Sources */,
				30E37FBF25C9CD51000D00DB /* UserUtilities.swift in Sources */,
				30BFEC4225D4520D00852C63 /* UserDefaultsManager.swift in Sources */,
				30E37FAC25C9C719000D00DB /* ChatListViewController.swift in Sources */,
				30E37FA725C9C60E000D00DB /* ChatViewController.swift in Sources */,
				30DE931F25C3518700F2833D /* SceneDelegate.swift in Sources */,
			);
			runOnlyForDeploymentPostprocessing = 0;
		};
		30DE932B25C3518900F2833D /* Sources */ = {
			isa = PBXSourcesBuildPhase;
			buildActionMask = 2147483647;
			files = (
				30DE933425C3518900F2833D /* ChatAppTests.swift in Sources */,
			);
			runOnlyForDeploymentPostprocessing = 0;
		};
		30DE933625C3518900F2833D /* Sources */ = {
			isa = PBXSourcesBuildPhase;
			buildActionMask = 2147483647;
			files = (
				30DE933F25C3518900F2833D /* ChatAppUITests.swift in Sources */,
			);
			runOnlyForDeploymentPostprocessing = 0;
		};
/* End PBXSourcesBuildPhase section */

/* Begin PBXTargetDependency section */
		30DE933125C3518900F2833D /* PBXTargetDependency */ = {
			isa = PBXTargetDependency;
			target = 30DE931825C3518700F2833D /* ChatApp */;
			targetProxy = 30DE933025C3518900F2833D /* PBXContainerItemProxy */;
		};
		30DE933C25C3518900F2833D /* PBXTargetDependency */ = {
			isa = PBXTargetDependency;
			target = 30DE931825C3518700F2833D /* ChatApp */;
			targetProxy = 30DE933B25C3518900F2833D /* PBXContainerItemProxy */;
		};
/* End PBXTargetDependency section */

/* Begin PBXVariantGroup section */
		30DE932225C3518700F2833D /* Main.storyboard */ = {
			isa = PBXVariantGroup;
			children = (
				30DE932325C3518700F2833D /* Base */,
			);
			name = Main.storyboard;
			sourceTree = "<group>";
		};
		30DE932725C3518900F2833D /* LaunchScreen.storyboard */ = {
			isa = PBXVariantGroup;
			children = (
				30DE932825C3518900F2833D /* Base */,
			);
			name = LaunchScreen.storyboard;
			sourceTree = "<group>";
		};
/* End PBXVariantGroup section */

/* Begin XCBuildConfiguration section */
		30DE934125C3518900F2833D /* Debug */ = {
			isa = XCBuildConfiguration;
			buildSettings = {
				ALWAYS_SEARCH_USER_PATHS = NO;
				CLANG_ANALYZER_NONNULL = YES;
				CLANG_ANALYZER_NUMBER_OBJECT_CONVERSION = YES_AGGRESSIVE;
				CLANG_CXX_LANGUAGE_STANDARD = "gnu++14";
				CLANG_CXX_LIBRARY = "libc++";
				CLANG_ENABLE_MODULES = YES;
				CLANG_ENABLE_OBJC_ARC = YES;
				CLANG_ENABLE_OBJC_WEAK = YES;
				CLANG_WARN_BLOCK_CAPTURE_AUTORELEASING = YES;
				CLANG_WARN_BOOL_CONVERSION = YES;
				CLANG_WARN_COMMA = YES;
				CLANG_WARN_CONSTANT_CONVERSION = YES;
				CLANG_WARN_DEPRECATED_OBJC_IMPLEMENTATIONS = YES;
				CLANG_WARN_DIRECT_OBJC_ISA_USAGE = YES_ERROR;
				CLANG_WARN_DOCUMENTATION_COMMENTS = YES;
				CLANG_WARN_EMPTY_BODY = YES;
				CLANG_WARN_ENUM_CONVERSION = YES;
				CLANG_WARN_INFINITE_RECURSION = YES;
				CLANG_WARN_INT_CONVERSION = YES;
				CLANG_WARN_NON_LITERAL_NULL_CONVERSION = YES;
				CLANG_WARN_OBJC_IMPLICIT_RETAIN_SELF = YES;
				CLANG_WARN_OBJC_LITERAL_CONVERSION = YES;
				CLANG_WARN_OBJC_ROOT_CLASS = YES_ERROR;
				CLANG_WARN_QUOTED_INCLUDE_IN_FRAMEWORK_HEADER = YES;
				CLANG_WARN_RANGE_LOOP_ANALYSIS = YES;
				CLANG_WARN_STRICT_PROTOTYPES = YES;
				CLANG_WARN_SUSPICIOUS_MOVE = YES;
				CLANG_WARN_UNGUARDED_AVAILABILITY = YES_AGGRESSIVE;
				CLANG_WARN_UNREACHABLE_CODE = YES;
				CLANG_WARN__DUPLICATE_METHOD_MATCH = YES;
				COPY_PHASE_STRIP = NO;
				DEBUG_INFORMATION_FORMAT = dwarf;
				ENABLE_STRICT_OBJC_MSGSEND = YES;
				ENABLE_TESTABILITY = YES;
				GCC_C_LANGUAGE_STANDARD = gnu11;
				GCC_DYNAMIC_NO_PIC = NO;
				GCC_NO_COMMON_BLOCKS = YES;
				GCC_OPTIMIZATION_LEVEL = 0;
				GCC_PREPROCESSOR_DEFINITIONS = (
					"DEBUG=1",
					"$(inherited)",
				);
				GCC_WARN_64_TO_32_BIT_CONVERSION = YES;
				GCC_WARN_ABOUT_RETURN_TYPE = YES_ERROR;
				GCC_WARN_UNDECLARED_SELECTOR = YES;
				GCC_WARN_UNINITIALIZED_AUTOS = YES_AGGRESSIVE;
				GCC_WARN_UNUSED_FUNCTION = YES;
				GCC_WARN_UNUSED_VARIABLE = YES;
				IPHONEOS_DEPLOYMENT_TARGET = 13.0;
				MTL_ENABLE_DEBUG_INFO = INCLUDE_SOURCE;
				MTL_FAST_MATH = YES;
				ONLY_ACTIVE_ARCH = YES;
				SDKROOT = iphoneos;
				SWIFT_ACTIVE_COMPILATION_CONDITIONS = DEBUG;
				SWIFT_OPTIMIZATION_LEVEL = "-Onone";
			};
			name = Debug;
		};
		30DE934225C3518900F2833D /* Release */ = {
			isa = XCBuildConfiguration;
			buildSettings = {
				ALWAYS_SEARCH_USER_PATHS = NO;
				CLANG_ANALYZER_NONNULL = YES;
				CLANG_ANALYZER_NUMBER_OBJECT_CONVERSION = YES_AGGRESSIVE;
				CLANG_CXX_LANGUAGE_STANDARD = "gnu++14";
				CLANG_CXX_LIBRARY = "libc++";
				CLANG_ENABLE_MODULES = YES;
				CLANG_ENABLE_OBJC_ARC = YES;
				CLANG_ENABLE_OBJC_WEAK = YES;
				CLANG_WARN_BLOCK_CAPTURE_AUTORELEASING = YES;
				CLANG_WARN_BOOL_CONVERSION = YES;
				CLANG_WARN_COMMA = YES;
				CLANG_WARN_CONSTANT_CONVERSION = YES;
				CLANG_WARN_DEPRECATED_OBJC_IMPLEMENTATIONS = YES;
				CLANG_WARN_DIRECT_OBJC_ISA_USAGE = YES_ERROR;
				CLANG_WARN_DOCUMENTATION_COMMENTS = YES;
				CLANG_WARN_EMPTY_BODY = YES;
				CLANG_WARN_ENUM_CONVERSION = YES;
				CLANG_WARN_INFINITE_RECURSION = YES;
				CLANG_WARN_INT_CONVERSION = YES;
				CLANG_WARN_NON_LITERAL_NULL_CONVERSION = YES;
				CLANG_WARN_OBJC_IMPLICIT_RETAIN_SELF = YES;
				CLANG_WARN_OBJC_LITERAL_CONVERSION = YES;
				CLANG_WARN_OBJC_ROOT_CLASS = YES_ERROR;
				CLANG_WARN_QUOTED_INCLUDE_IN_FRAMEWORK_HEADER = YES;
				CLANG_WARN_RANGE_LOOP_ANALYSIS = YES;
				CLANG_WARN_STRICT_PROTOTYPES = YES;
				CLANG_WARN_SUSPICIOUS_MOVE = YES;
				CLANG_WARN_UNGUARDED_AVAILABILITY = YES_AGGRESSIVE;
				CLANG_WARN_UNREACHABLE_CODE = YES;
				CLANG_WARN__DUPLICATE_METHOD_MATCH = YES;
				COPY_PHASE_STRIP = NO;
				DEBUG_INFORMATION_FORMAT = "dwarf-with-dsym";
				ENABLE_NS_ASSERTIONS = NO;
				ENABLE_STRICT_OBJC_MSGSEND = YES;
				GCC_C_LANGUAGE_STANDARD = gnu11;
				GCC_NO_COMMON_BLOCKS = YES;
				GCC_WARN_64_TO_32_BIT_CONVERSION = YES;
				GCC_WARN_ABOUT_RETURN_TYPE = YES_ERROR;
				GCC_WARN_UNDECLARED_SELECTOR = YES;
				GCC_WARN_UNINITIALIZED_AUTOS = YES_AGGRESSIVE;
				GCC_WARN_UNUSED_FUNCTION = YES;
				GCC_WARN_UNUSED_VARIABLE = YES;
				IPHONEOS_DEPLOYMENT_TARGET = 13.0;
				MTL_ENABLE_DEBUG_INFO = NO;
				MTL_FAST_MATH = YES;
				SDKROOT = iphoneos;
				SWIFT_COMPILATION_MODE = wholemodule;
				SWIFT_OPTIMIZATION_LEVEL = "-O";
				VALIDATE_PRODUCT = YES;
			};
			name = Release;
		};
		30DE934425C3518900F2833D /* Debug */ = {
			isa = XCBuildConfiguration;
			buildSettings = {
				ASSETCATALOG_COMPILER_APPICON_NAME = AppIcon;
				ASSETCATALOG_COMPILER_GLOBAL_ACCENT_COLOR_NAME = AccentColor;
				CODE_SIGN_ENTITLEMENTS = ChatApp/ChatApp.entitlements;
				CODE_SIGN_IDENTITY = "Apple Development";
				CODE_SIGN_STYLE = Automatic;
				DEVELOPMENT_TEAM = 7DTLRHN6WR;
				INFOPLIST_FILE = ChatApp/Info.plist;
				LD_RUNPATH_SEARCH_PATHS = (
					"$(inherited)",
					"@executable_path/Frameworks",
				);
				PRODUCT_BUNDLE_IDENTIFIER = com.estechvmg.ChatApp;
				PRODUCT_NAME = "$(TARGET_NAME)";
				PROVISIONING_PROFILE_SPECIFIER = "";
				SWIFT_VERSION = 5.0;
				TARGETED_DEVICE_FAMILY = "1,2";
			};
			name = Debug;
		};
		30DE934525C3518900F2833D /* Release */ = {
			isa = XCBuildConfiguration;
			buildSettings = {
				ASSETCATALOG_COMPILER_APPICON_NAME = AppIcon;
				ASSETCATALOG_COMPILER_GLOBAL_ACCENT_COLOR_NAME = AccentColor;
				CODE_SIGN_ENTITLEMENTS = ChatApp/ChatApp.entitlements;
				CODE_SIGN_IDENTITY = "Apple Development";
				CODE_SIGN_STYLE = Automatic;
				DEVELOPMENT_TEAM = 7DTLRHN6WR;
				INFOPLIST_FILE = ChatApp/Info.plist;
				LD_RUNPATH_SEARCH_PATHS = (
					"$(inherited)",
					"@executable_path/Frameworks",
				);
				PRODUCT_BUNDLE_IDENTIFIER = com.estechvmg.ChatApp;
				PRODUCT_NAME = "$(TARGET_NAME)";
				PROVISIONING_PROFILE_SPECIFIER = "";
				SWIFT_VERSION = 5.0;
				TARGETED_DEVICE_FAMILY = "1,2";
			};
			name = Release;
		};
		30DE934725C3518900F2833D /* Debug */ = {
			isa = XCBuildConfiguration;
			buildSettings = {
				ALWAYS_EMBED_SWIFT_STANDARD_LIBRARIES = YES;
				BUNDLE_LOADER = "$(TEST_HOST)";
				CODE_SIGN_STYLE = Automatic;
				INFOPLIST_FILE = ChatAppTests/Info.plist;
				IPHONEOS_DEPLOYMENT_TARGET = 14.4;
				LD_RUNPATH_SEARCH_PATHS = (
					"$(inherited)",
					"@executable_path/Frameworks",
					"@loader_path/Frameworks",
				);
				PRODUCT_BUNDLE_IDENTIFIER = com.estechvmg.ChatAppTests;
				PRODUCT_NAME = "$(TARGET_NAME)";
				SWIFT_VERSION = 5.0;
				TARGETED_DEVICE_FAMILY = "1,2";
				TEST_HOST = "$(BUILT_PRODUCTS_DIR)/ChatApp.app/ChatApp";
			};
			name = Debug;
		};
		30DE934825C3518900F2833D /* Release */ = {
			isa = XCBuildConfiguration;
			buildSettings = {
				ALWAYS_EMBED_SWIFT_STANDARD_LIBRARIES = YES;
				BUNDLE_LOADER = "$(TEST_HOST)";
				CODE_SIGN_STYLE = Automatic;
				INFOPLIST_FILE = ChatAppTests/Info.plist;
				IPHONEOS_DEPLOYMENT_TARGET = 14.4;
				LD_RUNPATH_SEARCH_PATHS = (
					"$(inherited)",
					"@executable_path/Frameworks",
					"@loader_path/Frameworks",
				);
				PRODUCT_BUNDLE_IDENTIFIER = com.estechvmg.ChatAppTests;
				PRODUCT_NAME = "$(TARGET_NAME)";
				SWIFT_VERSION = 5.0;
				TARGETED_DEVICE_FAMILY = "1,2";
				TEST_HOST = "$(BUILT_PRODUCTS_DIR)/ChatApp.app/ChatApp";
			};
			name = Release;
		};
		30DE934A25C3518900F2833D /* Debug */ = {
			isa = XCBuildConfiguration;
			buildSettings = {
				ALWAYS_EMBED_SWIFT_STANDARD_LIBRARIES = YES;
				CODE_SIGN_STYLE = Automatic;
				INFOPLIST_FILE = ChatAppUITests/Info.plist;
				LD_RUNPATH_SEARCH_PATHS = (
					"$(inherited)",
					"@executable_path/Frameworks",
					"@loader_path/Frameworks",
				);
				PRODUCT_BUNDLE_IDENTIFIER = com.estechvmg.ChatAppUITests;
				PRODUCT_NAME = "$(TARGET_NAME)";
				SWIFT_VERSION = 5.0;
				TARGETED_DEVICE_FAMILY = "1,2";
				TEST_TARGET_NAME = ChatApp;
			};
			name = Debug;
		};
		30DE934B25C3518900F2833D /* Release */ = {
			isa = XCBuildConfiguration;
			buildSettings = {
				ALWAYS_EMBED_SWIFT_STANDARD_LIBRARIES = YES;
				CODE_SIGN_STYLE = Automatic;
				INFOPLIST_FILE = ChatAppUITests/Info.plist;
				LD_RUNPATH_SEARCH_PATHS = (
					"$(inherited)",
					"@executable_path/Frameworks",
					"@loader_path/Frameworks",
				);
				PRODUCT_BUNDLE_IDENTIFIER = com.estechvmg.ChatAppUITests;
				PRODUCT_NAME = "$(TARGET_NAME)";
				SWIFT_VERSION = 5.0;
				TARGETED_DEVICE_FAMILY = "1,2";
				TEST_TARGET_NAME = ChatApp;
			};
			name = Release;
		};
/* End XCBuildConfiguration section */

/* Begin XCConfigurationList section */
		30DE931425C3518700F2833D /* Build configuration list for PBXProject "ChatApp" */ = {
			isa = XCConfigurationList;
			buildConfigurations = (
				30DE934125C3518900F2833D /* Debug */,
				30DE934225C3518900F2833D /* Release */,
			);
			defaultConfigurationIsVisible = 0;
			defaultConfigurationName = Release;
		};
		30DE934325C3518900F2833D /* Build configuration list for PBXNativeTarget "ChatApp" */ = {
			isa = XCConfigurationList;
			buildConfigurations = (
				30DE934425C3518900F2833D /* Debug */,
				30DE934525C3518900F2833D /* Release */,
			);
			defaultConfigurationIsVisible = 0;
			defaultConfigurationName = Release;
		};
		30DE934625C3518900F2833D /* Build configuration list for PBXNativeTarget "ChatAppTests" */ = {
			isa = XCConfigurationList;
			buildConfigurations = (
				30DE934725C3518900F2833D /* Debug */,
				30DE934825C3518900F2833D /* Release */,
			);
			defaultConfigurationIsVisible = 0;
			defaultConfigurationName = Release;
		};
		30DE934925C3518900F2833D /* Build configuration list for PBXNativeTarget "ChatAppUITests" */ = {
			isa = XCConfigurationList;
			buildConfigurations = (
				30DE934A25C3518900F2833D /* Debug */,
				30DE934B25C3518900F2833D /* Release */,
			);
			defaultConfigurationIsVisible = 0;
			defaultConfigurationName = Release;
		};
/* End XCConfigurationList section */
	};
	rootObject = 30DE931125C3518700F2833D /* Project object */;
}
